<?xml version="1.0" encoding="utf-8"?>
<Project ToolsVersion="4.0" xmlns="http://schemas.microsoft.com/developer/msbuild/2003">
  <ItemGroup>
    <Filter Include="obse">
      <UniqueIdentifier>{9ee680df-42f1-46c9-bd5a-c332ce994233}</UniqueIdentifier>
    </Filter>
    <Filter Include="obse_common">
      <UniqueIdentifier>{7918c2f1-58bf-4fac-9eac-77b61b2d4026}</UniqueIdentifier>
    </Filter>
  </ItemGroup>
  <ItemGroup>
    <ClCompile Include="obse\GameActorValues.cpp">
      <Filter>obse</Filter>
    </ClCompile>
    <ClCompile Include="obse\GameAPI.cpp">
      <Filter>obse</Filter>
    </ClCompile>
    <ClCompile Include="obse\GameBSExtraData.cpp">
      <Filter>obse</Filter>
    </ClCompile>
    <ClCompile Include="obse\GameData.cpp">
      <Filter>obse</Filter>
    </ClCompile>
    <ClCompile Include="obse\GameExtraData.cpp">
      <Filter>obse</Filter>
    </ClCompile>
    <ClCompile Include="obse\GameForms.cpp">
      <Filter>obse</Filter>
    </ClCompile>
    <ClCompile Include="obse\GameObjects.cpp">
      <Filter>obse</Filter>
    </ClCompile>
    <ClCompile Include="obse\GameProcess.cpp">
      <Filter>obse</Filter>
    </ClCompile>
    <ClCompile Include="obse\GameTasks.cpp">
      <Filter>obse</Filter>
    </ClCompile>
    <ClCompile Include="obse\GameTypes.cpp">
      <Filter>obse</Filter>
    </ClCompile>
    <ClCompile Include="obse\HavokCharacters.cpp">
      <Filter>obse</Filter>
    </ClCompile>
    <ClCompile Include="obse\NiAPI.cpp">
      <Filter>obse</Filter>
    </ClCompile>
    <ClCompile Include="obse\NiControllers.cpp">
      <Filter>obse</Filter>
    </ClCompile>
    <ClCompile Include="obse\NiHavokCharacters.cpp">
      <Filter>obse</Filter>
    </ClCompile>
    <ClCompile Include="obse\NiNodes.cpp">
      <Filter>obse</Filter>
    </ClCompile>
    <ClCompile Include="obse\NiRTTI.cpp">
      <Filter>obse</Filter>
    </ClCompile>
    <ClCompile Include="obse\Script.cpp">
      <Filter>obse</Filter>
    </ClCompile>
    <ClCompile Include="obse\Utilities.cpp">
      <Filter>obse</Filter>
    </ClCompile>
    <ClCompile Include="obse_common\SafeWrite.cpp">
      <Filter>obse_common</Filter>
    </ClCompile>
    <ClCompile Include="dllmain.c" />
    <ClCompile Include="main.cpp" />
    <ClCompile Include="matrix.cpp" />
  </ItemGroup>
  <ItemGroup>
    <ClInclude Include="obse\GameActorValues.h">
      <Filter>obse</Filter>
    </ClInclude>
    <ClInclude Include="obse\GameAPI.h">
      <Filter>obse</Filter>
    </ClInclude>
    <ClInclude Include="obse\GameBSExtraData.h">
      <Filter>obse</Filter>
    </ClInclude>
    <ClInclude Include="obse\GameData.h">
      <Filter>obse</Filter>
    </ClInclude>
    <ClInclude Include="obse\GameExtraData.h">
      <Filter>obse</Filter>
    </ClInclude>
    <ClInclude Include="obse\GameForms.h">
      <Filter>obse</Filter>
    </ClInclude>
    <ClInclude Include="obse\GameObjects.h">
      <Filter>obse</Filter>
    </ClInclude>
    <ClInclude Include="obse\GameProcess.h">
      <Filter>obse</Filter>
    </ClInclude>
    <ClInclude Include="obse\GameTasks.h">
      <Filter>obse</Filter>
    </ClInclude>
    <ClInclude Include="obse\GameTypes.h">
      <Filter>obse</Filter>
    </ClInclude>
    <ClInclude Include="obse\HavokCharacters.h">
      <Filter>obse</Filter>
    </ClInclude>
    <ClInclude Include="obse\NiAPI.h">
      <Filter>obse</Filter>
    </ClInclude>
    <ClInclude Include="obse\NiControllers.h">
      <Filter>obse</Filter>
    </ClInclude>
    <ClInclude Include="obse\NiHavokCharacters.h">
      <Filter>obse</Filter>
    </ClInclude>
    <ClInclude Include="obse\NiNodes.h">
      <Filter>obse</Filter>
    </ClInclude>
    <ClInclude Include="obse\NiRTTI.h">
      <Filter>obse</Filter>
    </ClInclude>
    <ClInclude Include="obse\ParamInfos.h">
      <Filter>obse</Filter>
    </ClInclude>
    <ClInclude Include="obse\PluginAPI.h">
      <Filter>obse</Filter>
    </ClInclude>
    <ClInclude Include="obse\Script.h">
      <Filter>obse</Filter>
    </ClInclude>
    <ClInclude Include="obse\Utilities.h">
      <Filter>obse</Filter>
    </ClInclude>
    <ClInclude Include="obse_common\SafeWrite.h">
      <Filter>obse_common</Filter>
    </ClInclude>
    <ClInclude Include="matrix.h" />
  </ItemGroup>
  <ItemGroup>
    <None Include="obse\GameRTTI_1_1.inl">
      <Filter>obse</Filter>
    </None>
    <None Include="obse\GameRTTI_1_2.inl">
      <Filter>obse</Filter>
    </None>
    <None Include="obse\GameRTTI_1_2_416.inl">
      <Filter>obse</Filter>
    </None>
    <None Include="exports.def" />
  </ItemGroup>
</Project>