<?xml version="1.0" encoding="UTF-8" standalone="yes" ?>
<CodeBlocks_project_file>
	<FileVersion major="1" minor="6" />
	<Project>
		<Option title="common" />
		<Option pch_mode="2" />
		<Option compiler="msvc10" />
		<Build>
			<Target title="Debug Win32">
				<Option output=".lib" prefix_auto="1" extension_auto="1" />
				<Option working_dir="" />
				<Option object_output="Debug" />
				<Option type="2" />
				<Option compiler="msvc10" />
				<Option createDefFile="1" />
				<Compiler>
					<Add option="/DWIN32" />
					<Add option="/D_DEBUG" />
					<Add option="/D_WINDOWS" />
					<Add option="/W3" />
					<Add option="/ZI" />
					<Add option="/Od" />
					<Add option="/MTd" />
					<Add option="/FI common/IPrefix.h" />
					<Add directory="$(SolutionDir)" />
					<Add directory="$(SolutionDir)/.." />
				</Compiler>
				<ResourceCompiler>
					<Add directory="$(SolutionDir)" />
					<Add directory="$(SolutionDir)/.." />
				</ResourceCompiler>
			</Target>
			<Target title="Release Win32">
				<Option output=".lib" prefix_auto="1" extension_auto="1" />
				<Option working_dir="" />
				<Option object_output="Release" />
				<Option type="2" />
				<Option compiler="msvc10" />
				<Option createDefFile="1" />
				<Compiler>
					<Add option="/DWIN32" />
					<Add option="/DNDEBUG" />
					<Add option="/D_WINDOWS" />
					<Add option="/W3" />
					<Add option="/Zi" />
					<Add option="/MT" />
					<Add option="/FI common/IPrefix.h" />
					<Add directory="$(SolutionDir)" />
					<Add directory="$(SolutionDir)/.." />
				</Compiler>
				<ResourceCompiler>
					<Add directory="$(SolutionDir)" />
					<Add directory="$(SolutionDir)/.." />
				</ResourceCompiler>
			</Target>
		</Build>
		<Unit filename="IArchive.cpp" />
		<Unit filename="IArchive.h" />
		<Unit filename="IBufferStream.cpp" />
		<Unit filename="IBufferStream.h" />
		<Unit filename="IConsole.cpp" />
		<Unit filename="IConsole.h" />
		<Unit filename="ICriticalSection.h" />
		<Unit filename="IDataStream.cpp" />
		<Unit filename="IDataStream.h" />
		<Unit filename="IDatabase.cpp" />
		<Unit filename="IDatabase.h" />
		<Unit filename="IDatabase.inc" />
		<Unit filename="IDebugLog.cpp" />
		<Unit filename="IDebugLog.h" />
		<Unit filename="IDirectoryIterator.cpp" />
		<Unit filename="IDirectoryIterator.h" />
		<Unit filename="IDynamicCreate.cpp" />
		<Unit filename="IDynamicCreate.h" />
		<Unit filename="IErrors.cpp" />
		<Unit filename="IErrors.h" />
		<Unit filename="IEvent.cpp" />
		<Unit filename="IEvent.h" />
		<Unit filename="IFIFO.cpp" />
		<Unit filename="IFIFO.h" />
		<Unit filename="IFileStream.cpp" />
		<Unit filename="IFileStream.h" />
		<Unit filename="IInterlockedLong.cpp" />
		<Unit filename="IInterlockedLong.h" />
		<Unit filename="ILinkedList.h" />
		<Unit filename="IMemPool.cpp" />
		<Unit filename="IMemPool.h" />
		<Unit filename="IMutex.cpp" />
		<Unit filename="IMutex.h" />
		<Unit filename="IPipeClient.cpp" />
		<Unit filename="IPipeClient.h" />
		<Unit filename="IPipeServer.cpp" />
		<Unit filename="IPipeServer.h" />
		<Unit filename="IPrefix.cpp" />
		<Unit filename="IPrefix.h" />
		<Unit filename="IRangeMap.cpp" />
		<Unit filename="IRangeMap.h" />
		<Unit filename="IReadWriteLock.cpp" />
		<Unit filename="IReadWriteLock.h" />
		<Unit filename="ISegmentStream.cpp" />
		<Unit filename="ISegmentStream.h" />
		<Unit filename="ISingleton.cpp">
			<Option target="Release Win32" />
		</Unit>
		<Unit filename="ISingleton.h" />
		<Unit filename="ITextParser.cpp" />
		<Unit filename="ITextParser.h" />
		<Unit filename="IThread.cpp" />
		<Unit filename="IThread.h" />
		<Unit filename="ITimer.cpp" />
		<Unit filename="ITimer.h" />
		<Unit filename="ITypes.cpp" />
		<Unit filename="ITypes.h" />
		<Extensions>
			<code_completion />
			<envvars />
			<debugger />
		</Extensions>
	</Project>
</CodeBlocks_project_file>
